// !$*UTF8*$!
{
	archiveVersion = 1;
	classes = {
	};
	objectVersion = 50;
	objects = {

/* Begin PBXBuildFile section */
		9DF27D6A21F8DE6E009E10ED /* composing.swift in Sources */ = {isa = PBXBuildFile; fileRef = 9DF27D6921F8DE6E009E10ED /* composing.swift */; };
		9DFEE7F621E65147009E67CF /* main.swift in Sources */ = {isa = PBXBuildFile; fileRef = 9DFEE7F521E65147009E67CF /* main.swift */; };
		9DFEE80121E65C27009E67CF /* color.swift in Sources */ = {isa = PBXBuildFile; fileRef = 9DFEE80021E65C27009E67CF /* color.swift */; };
		9DFEE80321E66515009E67CF /* parsing.swift in Sources */ = {isa = PBXBuildFile; fileRef = 9DFEE80221E66515009E67CF /* parsing.swift */; };
/* End PBXBuildFile section */

/* Begin PBXCopyFilesBuildPhase section */
		9DFEE7F021E65147009E67CF /* CopyFiles */ = {
			isa = PBXCopyFilesBuildPhase;
			buildActionMask = 2147483647;
			dstPath = /usr/share/man/man1/;
			dstSubfolderSpec = 0;
			files = (
			);
			runOnlyForDeploymentPostprocessing = 1;
		};
/* End PBXCopyFilesBuildPhase section */

/* Begin PBXFileReference section */
		9D74309422039D640034E5F1 /* sample.swift */ = {isa = PBXFileReference; fileEncoding = 4; lastKnownFileType = sourcecode.swift; path = sample.swift; sourceTree = "<group>"; };
		9D74309522039D640034E5F1 /* sample.clr */ = {isa = PBXFileReference; lastKnownFileType = file.bplist; path = sample.clr; sourceTree = "<group>"; };
		9D74309822039D640034E5F1 /* Contents.json */ = {isa = PBXFileReference; fileEncoding = 4; lastKnownFileType = text.json; path = Contents.json; sourceTree = "<group>"; };
		9D74309A22039D640034E5F1 /* Contents.json */ = {isa = PBXFileReference; fileEncoding = 4; lastKnownFileType = text.json; path = Contents.json; sourceTree = "<group>"; };
		9D74309C22039D640034E5F1 /* Contents.json */ = {isa = PBXFileReference; fileEncoding = 4; lastKnownFileType = text.json; path = Contents.json; sourceTree = "<group>"; };
		9D74309E22039D640034E5F1 /* Contents.json */ = {isa = PBXFileReference; fileEncoding = 4; lastKnownFileType = text.json; path = Contents.json; sourceTree = "<group>"; };
		9D7430A022039D640034E5F1 /* Contents.json */ = {isa = PBXFileReference; fileEncoding = 4; lastKnownFileType = text.json; path = Contents.json; sourceTree = "<group>"; };
		9D7430A122039D640034E5F1 /* Contents.json */ = {isa = PBXFileReference; fileEncoding = 4; lastKnownFileType = text.json; path = Contents.json; sourceTree = "<group>"; };
		9D7430A322039D640034E5F1 /* Contents.json */ = {isa = PBXFileReference; fileEncoding = 4; lastKnownFileType = text.json; path = Contents.json; sourceTree = "<group>"; };
		9D7430A522039D640034E5F1 /* Contents.json */ = {isa = PBXFileReference; fileEncoding = 4; lastKnownFileType = text.json; path = Contents.json; sourceTree = "<group>"; };
		9D7430A722039D640034E5F1 /* Contents.json */ = {isa = PBXFileReference; fileEncoding = 4; lastKnownFileType = text.json; path = Contents.json; sourceTree = "<group>"; };
		9D7430A822039D640034E5F1 /* sample.txt */ = {isa = PBXFileReference; fileEncoding = 4; lastKnownFileType = text; path = sample.txt; sourceTree = "<group>"; };
		9D7430A922039D640034E5F1 /* sample.plist */ = {isa = PBXFileReference; fileEncoding = 4; lastKnownFileType = text.plist.xml; path = sample.plist; sourceTree = "<group>"; };
		9D78CE1C22AA0ADF00AD0624 /* sample-literal.swift */ = {isa = PBXFileReference; fileEncoding = 4; lastKnownFileType = sourcecode.swift; path = "sample-literal.swift"; sourceTree = "<group>"; };
		9DF27D6921F8DE6E009E10ED /* composing.swift */ = {isa = PBXFileReference; lastKnownFileType = sourcecode.swift; path = composing.swift; sourceTree = "<group>"; };
		9DFEE7F221E65147009E67CF /* palette */ = {isa = PBXFileReference; explicitFileType = "compiled.mach-o.executable"; includeInIndex = 0; path = palette; sourceTree = BUILT_PRODUCTS_DIR; };
		9DFEE7F521E65147009E67CF /* main.swift */ = {isa = PBXFileReference; lastKnownFileType = sourcecode.swift; path = main.swift; sourceTree = "<group>"; };
		9DFEE80021E65C27009E67CF /* color.swift */ = {isa = PBXFileReference; lastKnownFileType = sourcecode.swift; path = color.swift; sourceTree = "<group>"; };
		9DFEE80221E66515009E67CF /* parsing.swift */ = {isa = PBXFileReference; lastKnownFileType = sourcecode.swift; path = parsing.swift; sourceTree = "<group>"; };
/* End PBXFileReference section */

/* Begin PBXFrameworksBuildPhase section */
		9DFEE7EF21E65147009E67CF /* Frameworks */ = {
			isa = PBXFrameworksBuildPhase;
			buildActionMask = 2147483647;
			files = (
			);
			runOnlyForDeploymentPostprocessing = 0;
		};
/* End PBXFrameworksBuildPhase section */

/* Begin PBXGroup section */
		9D74309622039D640034E5F1 /* sample */ = {
			isa = PBXGroup;
			children = (
				9D74309722039D640034E5F1 /* magenta.colorset */,
				9D74309922039D640034E5F1 /* red.colorset */,
				9D74309B22039D640034E5F1 /* black.colorset */,
				9D74309D22039D640034E5F1 /* green.colorset */,
				9D74309F22039D640034E5F1 /* blue.colorset */,
				9D7430A122039D640034E5F1 /* Contents.json */,
				9D7430A222039D640034E5F1 /* yellow.colorset */,
				9D7430A422039D640034E5F1 /* cyan.colorset */,
				9D7430A622039D640034E5F1 /* white.colorset */,
			);
			path = sample;
			sourceTree = "<group>";
		};
		9D74309722039D640034E5F1 /* magenta.colorset */ = {
			isa = PBXGroup;
			children = (
				9D74309822039D640034E5F1 /* Contents.json */,
			);
			path = magenta.colorset;
			sourceTree = "<group>";
		};
		9D74309922039D640034E5F1 /* red.colorset */ = {
			isa = PBXGroup;
			children = (
				9D74309A22039D640034E5F1 /* Contents.json */,
			);
			path = red.colorset;
			sourceTree = "<group>";
		};
		9D74309B22039D640034E5F1 /* black.colorset */ = {
			isa = PBXGroup;
			children = (
				9D74309C22039D640034E5F1 /* Contents.json */,
			);
			path = black.colorset;
			sourceTree = "<group>";
		};
		9D74309D22039D640034E5F1 /* green.colorset */ = {
			isa = PBXGroup;
			children = (
				9D74309E22039D640034E5F1 /* Contents.json */,
			);
			path = green.colorset;
			sourceTree = "<group>";
		};
		9D74309F22039D640034E5F1 /* blue.colorset */ = {
			isa = PBXGroup;
			children = (
				9D7430A022039D640034E5F1 /* Contents.json */,
			);
			path = blue.colorset;
			sourceTree = "<group>";
		};
		9D7430A222039D640034E5F1 /* yellow.colorset */ = {
			isa = PBXGroup;
			children = (
				9D7430A322039D640034E5F1 /* Contents.json */,
			);
			path = yellow.colorset;
			sourceTree = "<group>";
		};
		9D7430A422039D640034E5F1 /* cyan.colorset */ = {
			isa = PBXGroup;
			children = (
				9D7430A522039D640034E5F1 /* Contents.json */,
			);
			path = cyan.colorset;
			sourceTree = "<group>";
		};
		9D7430A622039D640034E5F1 /* white.colorset */ = {
			isa = PBXGroup;
			children = (
				9D7430A722039D640034E5F1 /* Contents.json */,
			);
			path = white.colorset;
			sourceTree = "<group>";
		};
		9DFEE7E921E65147009E67CF = {
			isa = PBXGroup;
			children = (
				9DFEE7FF21E6585D009E67CF /* samples */,
				9DFEE7F421E65147009E67CF /* palette */,
				9DFEE7F321E65147009E67CF /* Products */,
			);
			sourceTree = "<group>";
		};
		9DFEE7F321E65147009E67CF /* Products */ = {
			isa = PBXGroup;
			children = (
				9DFEE7F221E65147009E67CF /* palette */,
			);
			name = Products;
			sourceTree = "<group>";
		};
		9DFEE7F421E65147009E67CF /* palette */ = {
			isa = PBXGroup;
			children = (
				9DFEE80021E65C27009E67CF /* color.swift */,
				9DF27D6921F8DE6E009E10ED /* composing.swift */,
				9DFEE80221E66515009E67CF /* parsing.swift */,
				9DFEE7F521E65147009E67CF /* main.swift */,
			);
			path = palette;
			sourceTree = "<group>";
		};
		9DFEE7FF21E6585D009E67CF /* samples */ = {
			isa = PBXGroup;
			children = (
				9D74309622039D640034E5F1 /* sample */,
				9D74309522039D640034E5F1 /* sample.clr */,
				9D7430A922039D640034E5F1 /* sample.plist */,
				9D74309422039D640034E5F1 /* sample.swift */,
				9D78CE1C22AA0ADF00AD0624 /* sample-literal.swift */,
				9D7430A822039D640034E5F1 /* sample.txt */,
			);
			path = samples;
			sourceTree = "<group>";
		};
/* End PBXGroup section */

/* Begin PBXNativeTarget section */
		9DFEE7F121E65147009E67CF /* palette */ = {
			isa = PBXNativeTarget;
			buildConfigurationList = 9DFEE7F921E65147009E67CF /* Build configuration list for PBXNativeTarget "palette" */;
			buildPhases = (
				9DFEE7EE21E65147009E67CF /* Sources */,
				9DFEE7EF21E65147009E67CF /* Frameworks */,
				9DFEE7F021E65147009E67CF /* CopyFiles */,
			);
			buildRules = (
			);
			dependencies = (
			);
			name = palette;
			productName = "palette";
			productReference = 9DFEE7F221E65147009E67CF /* palette */;
			productType = "com.apple.product-type.tool";
		};
/* End PBXNativeTarget section */

/* Begin PBXProject section */
		9DFEE7EA21E65147009E67CF /* Project object */ = {
			isa = PBXProject;
			attributes = {
				LastSwiftUpdateCheck = 1010;
				LastUpgradeCheck = 1010;
				ORGANIZATIONNAME = "Adam Graham";
				TargetAttributes = {
					9DFEE7F121E65147009E67CF = {
						CreatedOnToolsVersion = 10.1;
					};
				};
			};
			buildConfigurationList = 9DFEE7ED21E65147009E67CF /* Build configuration list for PBXProject "palette" */;
			compatibilityVersion = "Xcode 9.3";
			developmentRegion = en;
			hasScannedForEncodings = 0;
			knownRegions = (
				en,
			);
			mainGroup = 9DFEE7E921E65147009E67CF;
			productRefGroup = 9DFEE7F321E65147009E67CF /* Products */;
			projectDirPath = "";
			projectRoot = "";
			targets = (
				9DFEE7F121E65147009E67CF /* palette */,
			);
		};
/* End PBXProject section */

/* Begin PBXSourcesBuildPhase section */
		9DFEE7EE21E65147009E67CF /* Sources */ = {
			isa = PBXSourcesBuildPhase;
			buildActionMask = 2147483647;
			files = (
				9DFEE80121E65C27009E67CF /* color.swift in Sources */,
				9DF27D6A21F8DE6E009E10ED /* composing.swift in Sources */,
				9DFEE7F621E65147009E67CF /* main.swift in Sources */,
				9DFEE80321E66515009E67CF /* parsing.swift in Sources */,
			);
			runOnlyForDeploymentPostprocessing = 0;
		};
/* End PBXSourcesBuildPhase section */

/* Begin XCBuildConfiguration section */
		9DFEE7F721E65147009E67CF /* Debug */ = {
			isa = XCBuildConfiguration;
			buildSettings = {
				ALWAYS_SEARCH_USER_PATHS = NO;
				CLANG_ANALYZER_NONNULL = YES;
				CLANG_ANALYZER_NUMBER_OBJECT_CONVERSION = YES_AGGRESSIVE;
				CLANG_CXX_LANGUAGE_STANDARD = "gnu++14";
				CLANG_CXX_LIBRARY = "libc++";
				CLANG_ENABLE_MODULES = YES;
				CLANG_ENABLE_OBJC_ARC = YES;
				CLANG_ENABLE_OBJC_WEAK = YES;
				CLANG_WARN_BLOCK_CAPTURE_AUTORELEASING = YES;
				CLANG_WARN_BOOL_CONVERSION = YES;
				CLANG_WARN_COMMA = YES;
				CLANG_WARN_CONSTANT_CONVERSION = YES;
				CLANG_WARN_DEPRECATED_OBJC_IMPLEMENTATIONS = YES;
				CLANG_WARN_DIRECT_OBJC_ISA_USAGE = YES_ERROR;
				CLANG_WARN_DOCUMENTATION_COMMENTS = YES;
				CLANG_WARN_EMPTY_BODY = YES;
				CLANG_WARN_ENUM_CONVERSION = YES;
				CLANG_WARN_INFINITE_RECURSION = YES;
				CLANG_WARN_INT_CONVERSION = YES;
				CLANG_WARN_NON_LITERAL_NULL_CONVERSION = YES;
				CLANG_WARN_OBJC_IMPLICIT_RETAIN_SELF = YES;
				CLANG_WARN_OBJC_LITERAL_CONVERSION = YES;
				CLANG_WARN_OBJC_ROOT_CLASS = YES_ERROR;
				CLANG_WARN_RANGE_LOOP_ANALYSIS = YES;
				CLANG_WARN_STRICT_PROTOTYPES = YES;
				CLANG_WARN_SUSPICIOUS_MOVE = YES;
				CLANG_WARN_UNGUARDED_AVAILABILITY = YES_AGGRESSIVE;
				CLANG_WARN_UNREACHABLE_CODE = YES;
				CLANG_WARN__DUPLICATE_METHOD_MATCH = YES;
				CODE_SIGN_IDENTITY = "Mac Developer";
				COPY_PHASE_STRIP = NO;
				DEBUG_INFORMATION_FORMAT = dwarf;
				ENABLE_STRICT_OBJC_MSGSEND = YES;
				ENABLE_TESTABILITY = YES;
				GCC_C_LANGUAGE_STANDARD = gnu11;
				GCC_DYNAMIC_NO_PIC = NO;
				GCC_NO_COMMON_BLOCKS = YES;
				GCC_OPTIMIZATION_LEVEL = 0;
				GCC_PREPROCESSOR_DEFINITIONS = (
					"DEBUG=1",
					"$(inherited)",
				);
				GCC_WARN_64_TO_32_BIT_CONVERSION = YES;
				GCC_WARN_ABOUT_RETURN_TYPE = YES_ERROR;
				GCC_WARN_UNDECLARED_SELECTOR = YES;
				GCC_WARN_UNINITIALIZED_AUTOS = YES_AGGRESSIVE;
				GCC_WARN_UNUSED_FUNCTION = YES;
				GCC_WARN_UNUSED_VARIABLE = YES;
				MACOSX_DEPLOYMENT_TARGET = 10.14;
				MTL_ENABLE_DEBUG_INFO = INCLUDE_SOURCE;
				MTL_FAST_MATH = YES;
				ONLY_ACTIVE_ARCH = YES;
				SDKROOT = macosx;
				SWIFT_ACTIVE_COMPILATION_CONDITIONS = DEBUG;
				SWIFT_OPTIMIZATION_LEVEL = "-Onone";
				SWIFT_VERSION = 5.0;
			};
			name = Debug;
		};
		9DFEE7F821E65147009E67CF /* Release */ = {
			isa = XCBuildConfiguration;
			buildSettings = {
				ALWAYS_SEARCH_USER_PATHS = NO;
				CLANG_ANALYZER_NONNULL = YES;
				CLANG_ANALYZER_NUMBER_OBJECT_CONVERSION = YES_AGGRESSIVE;
				CLANG_CXX_LANGUAGE_STANDARD = "gnu++14";
				CLANG_CXX_LIBRARY = "libc++";
				CLANG_ENABLE_MODULES = YES;
				CLANG_ENABLE_OBJC_ARC = YES;
				CLANG_ENABLE_OBJC_WEAK = YES;
				CLANG_WARN_BLOCK_CAPTURE_AUTORELEASING = YES;
				CLANG_WARN_BOOL_CONVERSION = YES;
				CLANG_WARN_COMMA = YES;
				CLANG_WARN_CONSTANT_CONVERSION = YES;
				CLANG_WARN_DEPRECATED_OBJC_IMPLEMENTATIONS = YES;
				CLANG_WARN_DIRECT_OBJC_ISA_USAGE = YES_ERROR;
				CLANG_WARN_DOCUMENTATION_COMMENTS = YES;
				CLANG_WARN_EMPTY_BODY = YES;
				CLANG_WARN_ENUM_CONVERSION = YES;
				CLANG_WARN_INFINITE_RECURSION = YES;
				CLANG_WARN_INT_CONVERSION = YES;
				CLANG_WARN_NON_LITERAL_NULL_CONVERSION = YES;
				CLANG_WARN_OBJC_IMPLICIT_RETAIN_SELF = YES;
				CLANG_WARN_OBJC_LITERAL_CONVERSION = YES;
				CLANG_WARN_OBJC_ROOT_CLASS = YES_ERROR;
				CLANG_WARN_RANGE_LOOP_ANALYSIS = YES;
				CLANG_WARN_STRICT_PROTOTYPES = YES;
				CLANG_WARN_SUSPICIOUS_MOVE = YES;
				CLANG_WARN_UNGUARDED_AVAILABILITY = YES_AGGRESSIVE;
				CLANG_WARN_UNREACHABLE_CODE = YES;
				CLANG_WARN__DUPLICATE_METHOD_MATCH = YES;
				CODE_SIGN_IDENTITY = "Mac Developer";
				COPY_PHASE_STRIP = NO;
				DEBUG_INFORMATION_FORMAT = "dwarf-with-dsym";
				ENABLE_NS_ASSERTIONS = NO;
				ENABLE_STRICT_OBJC_MSGSEND = YES;
				GCC_C_LANGUAGE_STANDARD = gnu11;
				GCC_NO_COMMON_BLOCKS = YES;
				GCC_WARN_64_TO_32_BIT_CONVERSION = YES;
				GCC_WARN_ABOUT_RETURN_TYPE = YES_ERROR;
				GCC_WARN_UNDECLARED_SELECTOR = YES;
				GCC_WARN_UNINITIALIZED_AUTOS = YES_AGGRESSIVE;
				GCC_WARN_UNUSED_FUNCTION = YES;
				GCC_WARN_UNUSED_VARIABLE = YES;
				MACOSX_DEPLOYMENT_TARGET = 10.14;
				MTL_ENABLE_DEBUG_INFO = NO;
				MTL_FAST_MATH = YES;
				SDKROOT = macosx;
				SWIFT_COMPILATION_MODE = wholemodule;
				SWIFT_OPTIMIZATION_LEVEL = "-O";
				SWIFT_VERSION = 5.0;
			};
			name = Release;
		};
		9DFEE7FA21E65147009E67CF /* Debug */ = {
			isa = XCBuildConfiguration;
			buildSettings = {
				CODE_SIGN_STYLE = Automatic;
				DEVELOPMENT_TEAM = LXNZ4FX3Q8;
				PRODUCT_NAME = "$(TARGET_NAME)";
			};
			name = Debug;
		};
		9DFEE7FB21E65147009E67CF /* Release */ = {
			isa = XCBuildConfiguration;
			buildSettings = {
				CODE_SIGN_STYLE = Automatic;
				DEVELOPMENT_TEAM = LXNZ4FX3Q8;
				PRODUCT_NAME = "$(TARGET_NAME)";
			};
			name = Release;
		};
/* End XCBuildConfiguration section */

/* Begin XCConfigurationList section */
		9DFEE7ED21E65147009E67CF /* Build configuration list for PBXProject "palette" */ = {
			isa = XCConfigurationList;
			buildConfigurations = (
				9DFEE7F721E65147009E67CF /* Debug */,
				9DFEE7F821E65147009E67CF /* Release */,
			);
			defaultConfigurationIsVisible = 0;
			defaultConfigurationName = Release;
		};
		9DFEE7F921E65147009E67CF /* Build configuration list for PBXNativeTarget "palette" */ = {
			isa = XCConfigurationList;
			buildConfigurations = (
				9DFEE7FA21E65147009E67CF /* Debug */,
				9DFEE7FB21E65147009E67CF /* Release */,
			);
			defaultConfigurationIsVisible = 0;
			defaultConfigurationName = Release;
		};
/* End XCConfigurationList section */
	};
	rootObject = 9DFEE7EA21E65147009E67CF /* Project object */;
}
